
Microsoft Visual Studio Solution File, Format Version 12.00
# Visual Studio Version 17
VisualStudioVersion = 17.2.32630.192
MinimumVisualStudioVersion = 10.0.40219.1
Project("{FAE04EC0-301F-11D3-BF4B-00C04F79EFBC}") = "Authenticator", "Authenticator\Authenticator.csproj", "{185D7798-9349-4454-A2A1-5DFF4E096FA9}"
EndProject
Project("{FAE04EC0-301F-11D3-BF4B-00C04F79EFBC}") = "Service_Provider", "Service_Provider\Service_Provider.csproj", "{0CEF3120-9FC2-4139-B255-FB7E13FE4565}"
EndProject
Project("{FAE04EC0-301F-11D3-BF4B-00C04F79EFBC}") = "Registry", "Registry\Registry.csproj", "{993FB647-759B-4B1C-BAFC-F41E263AFF1C}"
EndProject
Project("{FAE04EC0-301F-11D3-BF4B-00C04F79EFBC}") = "Service_Publishing_Console_App", "Service_Publishing_Console_App\Service_Publishing_Console_App.csproj", "{CE968597-28B2-4947-B051-C3A798769A44}"
EndProject
Project("{FAE04EC0-301F-11D3-BF4B-00C04F79EFBC}") = "Client", "Client\Client.csproj", "{F8D659AC-D482-46C8-B336-B6255FCECB2F}"
EndProject
Project("{FAE04EC0-301F-11D3-BF4B-00C04F79EFBC}") = "Authenticator_DLL", "Authenticator_DLL\Authenticator_DLL.csproj", "{022FB5EA-2F3E-4D4D-8AC7-08FC6DDE4FDC}"
EndProject
Project("{FAE04EC0-301F-11D3-BF4B-00C04F79EFBC}") = "Registry_DLL", "Registry_DLL\Registry_DLL.csproj", "{D4BFD7E0-3281-40DC-956D-44D0D3AD42C0}"
EndProject
Global
	GlobalSection(SolutionConfigurationPlatforms) = preSolution
		Debug|Any CPU = Debug|Any CPU
		Release|Any CPU = Release|Any CPU
	EndGlobalSection
	GlobalSection(ProjectConfigurationPlatforms) = postSolution
		{185D7798-9349-4454-A2A1-5DFF4E096FA9}.Debug|Any CPU.ActiveCfg = Debug|Any CPU
		{185D7798-9349-4454-A2A1-5DFF4E096FA9}.Debug|Any CPU.Build.0 = Debug|Any CPU
		{185D7798-9349-4454-A2A1-5DFF4E096FA9}.Release|Any CPU.ActiveCfg = Release|Any CPU
		{185D7798-9349-4454-A2A1-5DFF4E096FA9}.Release|Any CPU.Build.0 = Release|Any CPU
		{0CEF3120-9FC2-4139-B255-FB7E13FE4565}.Debug|Any CPU.ActiveCfg = Debug|Any CPU
		{0CEF3120-9FC2-4139-B255-FB7E13FE4565}.Debug|Any CPU.Build.0 = Debug|Any CPU
		{0CEF3120-9FC2-4139-B255-FB7E13FE4565}.Release|Any CPU.ActiveCfg = Release|Any CPU
		{0CEF3120-9FC2-4139-B255-FB7E13FE4565}.Release|Any CPU.Build.0 = Release|Any CPU
		{993FB647-759B-4B1C-BAFC-F41E263AFF1C}.Debug|Any CPU.ActiveCfg = Debug|Any CPU
		{993FB647-759B-4B1C-BAFC-F41E263AFF1C}.Debug|Any CPU.Build.0 = Debug|Any CPU
		{993FB647-759B-4B1C-BAFC-F41E263AFF1C}.Release|Any CPU.ActiveCfg = Release|Any CPU
		{993FB647-759B-4B1C-BAFC-F41E263AFF1C}.Release|Any CPU.Build.0 = Release|Any CPU
		{CE968597-28B2-4947-B051-C3A798769A44}.Debug|Any CPU.ActiveCfg = Debug|Any CPU
		{CE968597-28B2-4947-B051-C3A798769A44}.Debug|Any CPU.Build.0 = Debug|Any CPU
		{CE968597-28B2-4947-B051-C3A798769A44}.Release|Any CPU.ActiveCfg = Release|Any CPU
		{CE968597-28B2-4947-B051-C3A798769A44}.Release|Any CPU.Build.0 = Release|Any CPU
		{F8D659AC-D482-46C8-B336-B6255FCECB2F}.Debug|Any CPU.ActiveCfg = Debug|Any CPU
		{F8D659AC-D482-46C8-B336-B6255FCECB2F}.Debug|Any CPU.Build.0 = Debug|Any CPU
		{F8D659AC-D482-46C8-B336-B6255FCECB2F}.Release|Any CPU.ActiveCfg = Release|Any CPU
		{F8D659AC-D482-46C8-B336-B6255FCECB2F}.Release|Any CPU.Build.0 = Release|Any CPU
		{022FB5EA-2F3E-4D4D-8AC7-08FC6DDE4FDC}.Debug|Any CPU.ActiveCfg = Debug|Any CPU
		{022FB5EA-2F3E-4D4D-8AC7-08FC6DDE4FDC}.Debug|Any CPU.Build.0 = Debug|Any CPU
		{022FB5EA-2F3E-4D4D-8AC7-08FC6DDE4FDC}.Release|Any CPU.ActiveCfg = Release|Any CPU
		{022FB5EA-2F3E-4D4D-8AC7-08FC6DDE4FDC}.Release|Any CPU.Build.0 = Release|Any CPU
		{D4BFD7E0-3281-40DC-956D-44D0D3AD42C0}.Debug|Any CPU.ActiveCfg = Debug|Any CPU
		{D4BFD7E0-3281-40DC-956D-44D0D3AD42C0}.Debug|Any CPU.Build.0 = Debug|Any CPU
		{D4BFD7E0-3281-40DC-956D-44D0D3AD42C0}.Release|Any CPU.ActiveCfg = Release|Any CPU
		{D4BFD7E0-3281-40DC-956D-44D0D3AD42C0}.Release|Any CPU.Build.0 = Release|Any CPU
	EndGlobalSection
	GlobalSection(SolutionProperties) = preSolution
		HideSolutionNode = FALSE
	EndGlobalSection
	GlobalSection(ExtensibilityGlobals) = postSolution
		SolutionGuid = {E3F14C31-DE78-4B6A-B021-2CECE1952A19}
	EndGlobalSection
EndGlobal
